
Microsoft Visual Studio Solution File, Format Version 12.00
# Visual Studio Version 17
VisualStudioVersion = 17.11.35327.3
MinimumVisualStudioVersion = 10.0.40219.1
Project("{9A19103F-16F7-4668-BE54-9A1E7A4F7556}") = "RAGPrompterWebApp", "src\RAGPrompterWebApp\RAGPrompterWebApp.csproj", "{7842685A-B637-4351-9EAB-45663BD0191E}"
EndProject
Global
	GlobalSection(SolutionConfigurationPlatforms) = preSolution
		Debug|Any CPU = Debug|Any CPU
		Release|Any CPU = Release|Any CPU
	EndGlobalSection
	GlobalSection(ProjectConfigurationPlatforms) = postSolution
		{7842685A-B637-4351-9EAB-45663BD0191E}.Debug|Any CPU.ActiveCfg = Debug|Any CPU
		{7842685A-B637-4351-9EAB-45663BD0191E}.Debug|Any CPU.Build.0 = Debug|Any CPU
		{7842685A-B637-4351-9EAB-45663BD0191E}.Release|Any CPU.ActiveCfg = Release|Any CPU
		{7842685A-B637-4351-9EAB-45663BD0191E}.Release|Any CPU.Build.0 = Release|Any CPU
	EndGlobalSection
	GlobalSection(SolutionProperties) = preSolution
		HideSolutionNode = FALSE
	EndGlobalSection
	GlobalSection(ExtensibilityGlobals) = postSolution
		SolutionGuid = {C6D3C88F-FD98-465A-8643-E8A69FE9C569}
	EndGlobalSection
EndGlobal
